
Microsoft Visual Studio Solution File, Format Version 12.00
# Visual Studio Version 16
VisualStudioVersion = 16.0.30717.126
MinimumVisualStudioVersion = 10.0.40219.1
Project("{2150E333-8FDC-42A3-9474-1A3956D46DE8}") = "Services", "Services", "{6B9B1632-AB5E-44B8-9B13-9CB40613C01A}"
EndProject
Project("{2150E333-8FDC-42A3-9474-1A3956D46DE8}") = "Building Blocks", "Building Blocks", "{B7DBF5A8-6CDF-48E0-B1A6-84457B494B6C}"
EndProject
Project("{2150E333-8FDC-42A3-9474-1A3956D46DE8}") = "Web", "Web", "{933777E0-C4ED-46AA-A547-DE0A2341D13B}"
EndProject
Project("{9A19103F-16F7-4668-BE54-9A1E7A4F7556}") = "NSE.WebApp.MVC", "src\web\NSE.WebApp.MVC\NSE.WebApp.MVC.csproj", "{7FC630AD-31A5-4639-B375-F8E7506971AA}"
EndProject
Project("{2150E333-8FDC-42A3-9474-1A3956D46DE8}") = "Carrinho", "Carrinho", "{AD6CB9A3-C030-4694-A8D9-6255DDFDE46A}"
EndProject
Project("{2150E333-8FDC-42A3-9474-1A3956D46DE8}") = "Catalogo", "Catalogo", "{CCC6C3C5-7431-4855-8DAA-1A5E28E048CB}"
EndProject
Project("{2150E333-8FDC-42A3-9474-1A3956D46DE8}") = "Cliente", "Cliente", "{AB1C9C3E-8A42-4D6F-A55B-975C709B39DF}"
EndProject
Project("{2150E333-8FDC-42A3-9474-1A3956D46DE8}") = "Identidade", "Identidade", "{4D49E1C1-018A-4A1E-AE67-35D11D16E90C}"
EndProject
Project("{2150E333-8FDC-42A3-9474-1A3956D46DE8}") = "Pagamento", "Pagamento", "{687A3EB7-0282-48B2-B85B-46FF77235373}"
EndProject
Project("{2150E333-8FDC-42A3-9474-1A3956D46DE8}") = "Pedido", "Pedido", "{497B01CD-A677-431D-9E58-D4854E0E4AFF}"
EndProject
Project("{9A19103F-16F7-4668-BE54-9A1E7A4F7556}") = "NSE.Identidade.API", "src\services\NSE.Identidade.API\NSE.Identidade.API.csproj", "{51465AE0-0920-4040-A740-1B98E616AA38}"
EndProject
Project("{9A19103F-16F7-4668-BE54-9A1E7A4F7556}") = "NSE.Carrinho.API", "src\services\NSE.Carrinho.API\NSE.Carrinho.API.csproj", "{1546F4D4-9412-4E50-B9FD-7A0F6244513C}"
EndProject
Project("{9A19103F-16F7-4668-BE54-9A1E7A4F7556}") = "NSE.Catalogo.API", "src\services\NSE.Catalogo.API\NSE.Catalogo.API.csproj", "{9C59A66B-F120-41C3-8EDD-B4E4BF49E7C2}"
EndProject
Project("{9A19103F-16F7-4668-BE54-9A1E7A4F7556}") = "NSE.Cliente.API", "src\services\NSE.Cliente.API\NSE.Cliente.API.csproj", "{F15D99BC-02E4-4CB7-AABE-C3A34D29C7A7}"
EndProject
Project("{9A19103F-16F7-4668-BE54-9A1E7A4F7556}") = "NSE.Pagamento.API", "src\services\NSE.Pagamento.API\NSE.Pagamento.API.csproj", "{952B5901-ADDD-418D-9DF5-8CC6D7EAFC07}"
EndProject
Project("{9A19103F-16F7-4668-BE54-9A1E7A4F7556}") = "NSE.Pedido.API", "src\services\NSE.Pedido.API\NSE.Pedido.API.csproj", "{3FC5D778-1548-441A-8606-4E77AAA80148}"
EndProject
Project("{2150E333-8FDC-42A3-9474-1A3956D46DE8}") = "Core", "Core", "{18D78992-7452-4165-8C29-780368ED0904}"
EndProject
Project("{9A19103F-16F7-4668-BE54-9A1E7A4F7556}") = "NSE.Core", "src\building blocks\NSE.Core\NSE.Core.csproj", "{6320FCE7-ADA4-4DB4-8841-A17D8A40CCC0}"
EndProject
Project("{2150E333-8FDC-42A3-9474-1A3956D46DE8}") = "Services", "Services", "{0F3832A0-9CF1-451E-95C4-9C47E501FE90}"
EndProject
Project("{9A19103F-16F7-4668-BE54-9A1E7A4F7556}") = "NSE.WebApi.Core", "src\building blocks\NSE.WebApi.Core\NSE.WebApi.Core.csproj", "{66E150EE-20DF-46AE-B17D-4F26A181D604}"
EndProject
Project("{2150E333-8FDC-42A3-9474-1A3956D46DE8}") = "MessageBus", "MessageBus", "{80594578-D6CE-4E42-9B8F-D252169FA693}"
EndProject
Project("{9A19103F-16F7-4668-BE54-9A1E7A4F7556}") = "NSE.MessageBus", "src\building blocks\NSE.MessageBus\NSE.MessageBus.csproj", "{2EDD8E3D-CEF0-4A2B-B8E2-C0988AAF4826}"
EndProject
Project("{2150E333-8FDC-42A3-9474-1A3956D46DE8}") = "ApiGateways", "ApiGateways", "{375C4541-6292-407C-BA3F-C7B12522F341}"
EndProject
Project("{2150E333-8FDC-42A3-9474-1A3956D46DE8}") = "Compras", "Compras", "{8596DD45-40F5-4864-BD24-0E8793B596FF}"
EndProject
Project("{9A19103F-16F7-4668-BE54-9A1E7A4F7556}") = "NSE.BFF.Compras", "src\api-gateways\NSE.BFF.Compras\NSE.BFF.Compras.csproj", "{8A273559-C035-4B93-BBEA-158E8FA29317}"
EndProject
Project("{9A19103F-16F7-4668-BE54-9A1E7A4F7556}") = "NSE.Pedidos.Domain", "src\services\NSE.Pedidos.Domain\NSE.Pedidos.Domain.csproj", "{D33661D5-9AD8-464D-B46E-536160D7C9A1}"
EndProject
Project("{9A19103F-16F7-4668-BE54-9A1E7A4F7556}") = "NSE.Pedidos.Infra", "src\services\NSE.Pedidos.Infra\NSE.Pedidos.Infra.csproj", "{2F9F738C-BC6D-48EB-A281-D2D1E9A0E869}"
EndProject
Project("{9A19103F-16F7-4668-BE54-9A1E7A4F7556}") = "NSE.Pagamentos.NerdsPag", "src\services\NSE.Pagamentos.NerdsPag\NSE.Pagamentos.NerdsPag.csproj", "{49FAAB53-B469-4D1E-850E-832932083779}"
EndProject
Global
	GlobalSection(SolutionConfigurationPlatforms) = preSolution
		Debug|Any CPU = Debug|Any CPU
		Release|Any CPU = Release|Any CPU
	EndGlobalSection
	GlobalSection(ProjectConfigurationPlatforms) = postSolution
		{7FC630AD-31A5-4639-B375-F8E7506971AA}.Debug|Any CPU.ActiveCfg = Debug|Any CPU
		{7FC630AD-31A5-4639-B375-F8E7506971AA}.Debug|Any CPU.Build.0 = Debug|Any CPU
		{7FC630AD-31A5-4639-B375-F8E7506971AA}.Release|Any CPU.ActiveCfg = Release|Any CPU
		{7FC630AD-31A5-4639-B375-F8E7506971AA}.Release|Any CPU.Build.0 = Release|Any CPU
		{51465AE0-0920-4040-A740-1B98E616AA38}.Debug|Any CPU.ActiveCfg = Debug|Any CPU
		{51465AE0-0920-4040-A740-1B98E616AA38}.Debug|Any CPU.Build.0 = Debug|Any CPU
		{51465AE0-0920-4040-A740-1B98E616AA38}.Release|Any CPU.ActiveCfg = Release|Any CPU
		{51465AE0-0920-4040-A740-1B98E616AA38}.Release|Any CPU.Build.0 = Release|Any CPU
		{1546F4D4-9412-4E50-B9FD-7A0F6244513C}.Debug|Any CPU.ActiveCfg = Debug|Any CPU
		{1546F4D4-9412-4E50-B9FD-7A0F6244513C}.Debug|Any CPU.Build.0 = Debug|Any CPU
		{1546F4D4-9412-4E50-B9FD-7A0F6244513C}.Release|Any CPU.ActiveCfg = Release|Any CPU
		{1546F4D4-9412-4E50-B9FD-7A0F6244513C}.Release|Any CPU.Build.0 = Release|Any CPU
		{9C59A66B-F120-41C3-8EDD-B4E4BF49E7C2}.Debug|Any CPU.ActiveCfg = Debug|Any CPU
		{9C59A66B-F120-41C3-8EDD-B4E4BF49E7C2}.Debug|Any CPU.Build.0 = Debug|Any CPU
		{9C59A66B-F120-41C3-8EDD-B4E4BF49E7C2}.Release|Any CPU.ActiveCfg = Release|Any CPU
		{9C59A66B-F120-41C3-8EDD-B4E4BF49E7C2}.Release|Any CPU.Build.0 = Release|Any CPU
		{F15D99BC-02E4-4CB7-AABE-C3A34D29C7A7}.Debug|Any CPU.ActiveCfg = Debug|Any CPU
		{F15D99BC-02E4-4CB7-AABE-C3A34D29C7A7}.Debug|Any CPU.Build.0 = Debug|Any CPU
		{F15D99BC-02E4-4CB7-AABE-C3A34D29C7A7}.Release|Any CPU.ActiveCfg = Release|Any CPU
		{F15D99BC-02E4-4CB7-AABE-C3A34D29C7A7}.Release|Any CPU.Build.0 = Release|Any CPU
		{952B5901-ADDD-418D-9DF5-8CC6D7EAFC07}.Debug|Any CPU.ActiveCfg = Debug|Any CPU
		{952B5901-ADDD-418D-9DF5-8CC6D7EAFC07}.Debug|Any CPU.Build.0 = Debug|Any CPU
		{952B5901-ADDD-418D-9DF5-8CC6D7EAFC07}.Release|Any CPU.ActiveCfg = Release|Any CPU
		{952B5901-ADDD-418D-9DF5-8CC6D7EAFC07}.Release|Any CPU.Build.0 = Release|Any CPU
		{3FC5D778-1548-441A-8606-4E77AAA80148}.Debug|Any CPU.ActiveCfg = Debug|Any CPU
		{3FC5D778-1548-441A-8606-4E77AAA80148}.Debug|Any CPU.Build.0 = Debug|Any CPU
		{3FC5D778-1548-441A-8606-4E77AAA80148}.Release|Any CPU.ActiveCfg = Release|Any CPU
		{3FC5D778-1548-441A-8606-4E77AAA80148}.Release|Any CPU.Build.0 = Release|Any CPU
		{6320FCE7-ADA4-4DB4-8841-A17D8A40CCC0}.Debug|Any CPU.ActiveCfg = Debug|Any CPU
		{6320FCE7-ADA4-4DB4-8841-A17D8A40CCC0}.Debug|Any CPU.Build.0 = Debug|Any CPU
		{6320FCE7-ADA4-4DB4-8841-A17D8A40CCC0}.Release|Any CPU.ActiveCfg = Release|Any CPU
		{6320FCE7-ADA4-4DB4-8841-A17D8A40CCC0}.Release|Any CPU.Build.0 = Release|Any CPU
		{66E150EE-20DF-46AE-B17D-4F26A181D604}.Debug|Any CPU.ActiveCfg = Debug|Any CPU
		{66E150EE-20DF-46AE-B17D-4F26A181D604}.Debug|Any CPU.Build.0 = Debug|Any CPU
		{66E150EE-20DF-46AE-B17D-4F26A181D604}.Release|Any CPU.ActiveCfg = Release|Any CPU
		{66E150EE-20DF-46AE-B17D-4F26A181D604}.Release|Any CPU.Build.0 = Release|Any CPU
		{2EDD8E3D-CEF0-4A2B-B8E2-C0988AAF4826}.Debug|Any CPU.ActiveCfg = Debug|Any CPU
		{2EDD8E3D-CEF0-4A2B-B8E2-C0988AAF4826}.Debug|Any CPU.Build.0 = Debug|Any CPU
		{2EDD8E3D-CEF0-4A2B-B8E2-C0988AAF4826}.Release|Any CPU.ActiveCfg = Release|Any CPU
		{2EDD8E3D-CEF0-4A2B-B8E2-C0988AAF4826}.Release|Any CPU.Build.0 = Release|Any CPU
		{8A273559-C035-4B93-BBEA-158E8FA29317}.Debug|Any CPU.ActiveCfg = Debug|Any CPU
		{8A273559-C035-4B93-BBEA-158E8FA29317}.Debug|Any CPU.Build.0 = Debug|Any CPU
		{8A273559-C035-4B93-BBEA-158E8FA29317}.Release|Any CPU.ActiveCfg = Release|Any CPU
		{8A273559-C035-4B93-BBEA-158E8FA29317}.Release|Any CPU.Build.0 = Release|Any CPU
		{D33661D5-9AD8-464D-B46E-536160D7C9A1}.Debug|Any CPU.ActiveCfg = Debug|Any CPU
		{D33661D5-9AD8-464D-B46E-536160D7C9A1}.Debug|Any CPU.Build.0 = Debug|Any CPU
		{D33661D5-9AD8-464D-B46E-536160D7C9A1}.Release|Any CPU.ActiveCfg = Release|Any CPU
		{D33661D5-9AD8-464D-B46E-536160D7C9A1}.Release|Any CPU.Build.0 = Release|Any CPU
		{2F9F738C-BC6D-48EB-A281-D2D1E9A0E869}.Debug|Any CPU.ActiveCfg = Debug|Any CPU
		{2F9F738C-BC6D-48EB-A281-D2D1E9A0E869}.Debug|Any CPU.Build.0 = Debug|Any CPU
		{2F9F738C-BC6D-48EB-A281-D2D1E9A0E869}.Release|Any CPU.ActiveCfg = Release|Any CPU
		{2F9F738C-BC6D-48EB-A281-D2D1E9A0E869}.Release|Any CPU.Build.0 = Release|Any CPU
		{49FAAB53-B469-4D1E-850E-832932083779}.Debug|Any CPU.ActiveCfg = Debug|Any CPU
		{49FAAB53-B469-4D1E-850E-832932083779}.Debug|Any CPU.Build.0 = Debug|Any CPU
		{49FAAB53-B469-4D1E-850E-832932083779}.Release|Any CPU.ActiveCfg = Release|Any CPU
		{49FAAB53-B469-4D1E-850E-832932083779}.Release|Any CPU.Build.0 = Release|Any CPU
	EndGlobalSection
	GlobalSection(SolutionProperties) = preSolution
		HideSolutionNode = FALSE
	EndGlobalSection
	GlobalSection(NestedProjects) = preSolution
		{7FC630AD-31A5-4639-B375-F8E7506971AA} = {933777E0-C4ED-46AA-A547-DE0A2341D13B}
		{AD6CB9A3-C030-4694-A8D9-6255DDFDE46A} = {6B9B1632-AB5E-44B8-9B13-9CB40613C01A}
		{CCC6C3C5-7431-4855-8DAA-1A5E28E048CB} = {6B9B1632-AB5E-44B8-9B13-9CB40613C01A}
		{AB1C9C3E-8A42-4D6F-A55B-975C709B39DF} = {6B9B1632-AB5E-44B8-9B13-9CB40613C01A}
		{4D49E1C1-018A-4A1E-AE67-35D11D16E90C} = {6B9B1632-AB5E-44B8-9B13-9CB40613C01A}
		{687A3EB7-0282-48B2-B85B-46FF77235373} = {6B9B1632-AB5E-44B8-9B13-9CB40613C01A}
		{497B01CD-A677-431D-9E58-D4854E0E4AFF} = {6B9B1632-AB5E-44B8-9B13-9CB40613C01A}
		{51465AE0-0920-4040-A740-1B98E616AA38} = {4D49E1C1-018A-4A1E-AE67-35D11D16E90C}
		{1546F4D4-9412-4E50-B9FD-7A0F6244513C} = {AD6CB9A3-C030-4694-A8D9-6255DDFDE46A}
		{9C59A66B-F120-41C3-8EDD-B4E4BF49E7C2} = {CCC6C3C5-7431-4855-8DAA-1A5E28E048CB}
		{F15D99BC-02E4-4CB7-AABE-C3A34D29C7A7} = {AB1C9C3E-8A42-4D6F-A55B-975C709B39DF}
		{952B5901-ADDD-418D-9DF5-8CC6D7EAFC07} = {687A3EB7-0282-48B2-B85B-46FF77235373}
		{3FC5D778-1548-441A-8606-4E77AAA80148} = {497B01CD-A677-431D-9E58-D4854E0E4AFF}
		{18D78992-7452-4165-8C29-780368ED0904} = {B7DBF5A8-6CDF-48E0-B1A6-84457B494B6C}
		{6320FCE7-ADA4-4DB4-8841-A17D8A40CCC0} = {18D78992-7452-4165-8C29-780368ED0904}
		{0F3832A0-9CF1-451E-95C4-9C47E501FE90} = {B7DBF5A8-6CDF-48E0-B1A6-84457B494B6C}
		{66E150EE-20DF-46AE-B17D-4F26A181D604} = {0F3832A0-9CF1-451E-95C4-9C47E501FE90}
		{80594578-D6CE-4E42-9B8F-D252169FA693} = {B7DBF5A8-6CDF-48E0-B1A6-84457B494B6C}
		{2EDD8E3D-CEF0-4A2B-B8E2-C0988AAF4826} = {80594578-D6CE-4E42-9B8F-D252169FA693}
		{8596DD45-40F5-4864-BD24-0E8793B596FF} = {375C4541-6292-407C-BA3F-C7B12522F341}
		{8A273559-C035-4B93-BBEA-158E8FA29317} = {8596DD45-40F5-4864-BD24-0E8793B596FF}
		{D33661D5-9AD8-464D-B46E-536160D7C9A1} = {497B01CD-A677-431D-9E58-D4854E0E4AFF}
		{2F9F738C-BC6D-48EB-A281-D2D1E9A0E869} = {497B01CD-A677-431D-9E58-D4854E0E4AFF}
		{49FAAB53-B469-4D1E-850E-832932083779} = {687A3EB7-0282-48B2-B85B-46FF77235373}
	EndGlobalSection
	GlobalSection(ExtensibilityGlobals) = postSolution
		SolutionGuid = {6B62E743-90C1-4AC7-BD5D-FD2C763F671D}
	EndGlobalSection
EndGlobal
